{
  "version": "4",
  "specifiers": {
    "jsr:@deno/cache-dir@0.13.2": "0.13.2",
    "jsr:@deno/emit@0.46.0": "0.46.0",
    "jsr:@std/assert@0.223": "0.223.0",
    "jsr:@std/bytes@0.223": "0.223.0",
    "jsr:@std/fmt@0.223": "0.223.0",
    "jsr:@std/fmt@1.0.2": "1.0.2",
    "jsr:@std/fs@0.223": "0.223.0",
    "jsr:@std/fs@1": "1.0.16",
    "jsr:@std/io@0.223": "0.223.0",
    "jsr:@std/path@0.223": "0.223.0",
    "jsr:@std/path@1.0.8": "1.0.8",
    "jsr:@std/path@^1.0.8": "1.0.8",
    "jsr:@zip-js/zip-js@2.7.53": "2.7.53",
    "npm:glob@11.0.1": "11.0.1",
    "npm:prettier@4.0.0-alpha.10": "4.0.0-alpha.10",
    "npm:ts-md5@1.3.1": "1.3.1"
  },
  "jsr": {
    "@deno/cache-dir@0.13.2": {
      "integrity": "c22419dfe27ab85f345bee487aaaadba498b005cce3644e9d2528db035c5454d",
      "dependencies": [
        "jsr:@std/fmt@0.223",
        "jsr:@std/fs@0.223",
        "jsr:@std/io",
        "jsr:@std/path@0.223"
      ]
    },
    "@deno/emit@0.46.0": {
      "integrity": "e276be2c77bac1b93caf775762e2a49a54cb00da2d48ca2b01ed8d7cba9d082c",
      "dependencies": [
        "jsr:@deno/cache-dir",
        "jsr:@std/path@0.223"
      ]
    },
    "@std/assert@0.223.0": {
      "integrity": "eb8d6d879d76e1cc431205bd346ed4d88dc051c6366365b1af47034b0670be24"
    },
    "@std/bytes@0.223.0": {
      "integrity": "84b75052cd8680942c397c2631318772b295019098f40aac5c36cead4cba51a8"
    },
    "@std/fmt@0.223.0": {
      "integrity": "6deb37794127dfc7d7bded2586b9fc6f5d50e62a8134846608baf71ffc1a5208"
    },
    "@std/fmt@1.0.2": {
      "integrity": "87e9dfcdd3ca7c066e0c3c657c1f987c82888eb8103a3a3baa62684ffeb0f7a7"
    },
    "@std/fs@0.223.0": {
      "integrity": "3b4b0550b2c524cbaaa5a9170c90e96cbb7354e837ad1bdaf15fc9df1ae9c31c"
    },
    "@std/fs@1.0.16": {
      "integrity": "81878f62b6eeda0bf546197fc3daa5327c132fee1273f6113f940784a468b036",
      "dependencies": [
        "jsr:@std/path@^1.0.8"
      ]
    },
    "@std/io@0.223.0": {
      "integrity": "2d8c3c2ab3a515619b90da2c6ff5ea7b75a94383259ef4d02116b228393f84f1",
      "dependencies": [
        "jsr:@std/assert",
        "jsr:@std/bytes"
      ]
    },
    "@std/path@0.223.0": {
      "integrity": "593963402d7e6597f5a6e620931661053572c982fc014000459edc1f93cc3989",
      "dependencies": [
        "jsr:@std/assert"
      ]
    },
    "@std/path@1.0.8": {
      "integrity": "548fa456bb6a04d3c1a1e7477986b6cffbce95102d0bb447c67c4ee70e0364be"
    },
    "@zip-js/zip-js@2.7.53": {
      "integrity": "acea5bd8e01feb3fe4c242cfbde7d33dd5e006549a4eb1d15283bc0c778ed672"
    }
  },
  "npm": {
    "@iarna/toml@2.2.5": {
      "integrity": "sha512-trnsAYxU3xnS1gPHPyU961coFyLkh4gAD/0zQ5mymY4yOZ+CYvsPqUbOFSw0aDM4y0tV7tiFxL/1XfXPNC6IPg=="
    },
    "@isaacs/cliui@8.0.2": {
      "integrity": "sha512-O8jcjabXaleOG9DQ0+ARXWZBTfnP4WNAqzuiJK7ll44AmxGKv/J2M4TPjxjY3znBCfvBXFzucm1twdyFybFqEA==",
      "dependencies": [
        "string-width-cjs@npm:string-width@4.2.3",
        "string-width@5.1.2",
        "strip-ansi-cjs@npm:strip-ansi@6.0.1",
        "strip-ansi@7.1.0",
        "wrap-ansi-cjs@npm:wrap-ansi@7.0.0",
        "wrap-ansi@8.1.0"
      ]
    },
    "@prettier/cli@0.6.0_prettier@4.0.0-alpha.10": {
      "integrity": "sha512-kPQDTB+FPjvj23SmBH4T9uGCxMVS1cyJSY9dbOHGOC29nL9gR5gwZ4b4uMj4QRB0uE5K9c7avbAo+gvUbcZb4Q==",
      "dependencies": [
        "@iarna/toml",
        "atomically",
        "fast-ignore",
        "find-up-json",
        "function-once",
        "import-meta-resolve",
        "is-binary-path",
        "js-yaml",
        "json-sorted-stringify",
        "json5",
        "kasi",
        "lomemo",
        "pioppo",
        "prettier",
        "promise-resolve-timeout",
        "specialist",
        "tiny-editorconfig",
        "tiny-jsonc",
        "tiny-readdir-glob",
        "tiny-spinner",
        "worktank",
        "zeptomatch-escape",
        "zeptomatch-is-static",
        "zeptomatch@2.0.0"
      ]
    },
    "ansi-purge@1.0.1": {
      "integrity": "sha512-5NNMT7rljQ24DKHnIYG1qFXs8eUv5mZcT6kOPf5NopQUzpURBh/T4tbQw3TX//q3Zpw3JwVvsVHHsRKJesQHZQ=="
    },
    "ansi-regex@5.0.1": {
      "integrity": "sha512-quJQXlTSUGL2LH9SUXo8VwsY4soanhgo6LNSm84E1LBcE8s3O0wpdiRzyR9z/ZZJMlMWv37qOOb9pdJlMUEKFQ=="
    },
    "ansi-regex@6.1.0": {
      "integrity": "sha512-7HSX4QQb4CspciLpVFwyRe79O3xsIZDDLER21kERQ71oaPodF8jL725AgJMFAYbooIqolJoRLuM81SpeUkpkvA=="
    },
    "ansi-styles@4.3.0": {
      "integrity": "sha512-zbB9rCJAT1rbjiVDb2hqKFHNYLxgtk8NURxZ3IZwD3F6NtxbXZQCnnSi1Lkx+IDohdPlFp222wVALIheZJQSEg==",
      "dependencies": [
        "color-convert"
      ]
    },
    "ansi-styles@6.2.1": {
      "integrity": "sha512-bN798gFfQX+viw3R7yrGWRqnrN2oRkEkUjjl4JNn4E8GxxbjtG3FbrEIIY3l8/hrwUwIeCZvi4QuOTP4MErVug=="
    },
    "ansi-truncate@1.2.0": {
      "integrity": "sha512-/SLVrxNIP8o8iRHjdK3K9s2hDqdvb86NEjZOAB6ecWFsOo+9obaby97prnvAPn6j7ExXCpbvtlJFYPkkspg4BQ==",
      "dependencies": [
        "fast-string-truncated-width"
      ]
    },
    "argparse@2.0.1": {
      "integrity": "sha512-8+9WqebbFzpX9OR+Wa6O29asIogeRMzcGtAINdpMHHyAg10f05aSFVBbcEqGf/PXw1EjAZ+q2/bEBg3DvurK3Q=="
    },
    "atomically@2.0.3": {
      "integrity": "sha512-kU6FmrwZ3Lx7/7y3hPS5QnbJfaohcIul5fGqf7ok+4KklIEk9tJ0C2IQPdacSbVUWv6zVHXEBWoWd6NrVMT7Cw==",
      "dependencies": [
        "stubborn-fs",
        "when-exit"
      ]
    },
    "balanced-match@1.0.2": {
      "integrity": "sha512-3oSeUO0TMV67hN1AmbXsK4yaqU7tjiHlbxRDZOpH0KW9+CeX4bRAaX0Anxt0tx2MrpRpWwQaPwIlISEJhYU5Pw=="
    },
    "binary-extensions@2.3.0": {
      "integrity": "sha512-Ceh+7ox5qe7LJuLHoY0feh3pHuUDHAcRUeyL2VYghZwfpkNIy/+8Ocg0a3UuSoYzavmylwuLWQOf3hl0jjMMIw=="
    },
    "brace-expansion@2.0.1": {
      "integrity": "sha512-XnAIvQ8eM+kC6aULx6wuQiwVsnzsi9d3WxzV3FpWTGA19F621kwdbsAcFKXgKUHZWsy+mY6iL1sHTxWEFCytDA==",
      "dependencies": [
        "balanced-match"
      ]
    },
    "color-convert@2.0.1": {
      "integrity": "sha512-RRECPsj7iu/xb5oKYcsFHSppFNnsj/52OVTRKb4zP5onXwVF3zVmmToNcOfGC+CRDpfK/U584fMg38ZHCaElKQ==",
      "dependencies": [
        "color-name"
      ]
    },
    "color-name@1.1.4": {
      "integrity": "sha512-dOy+3AuW3a2wNbZHIuMZpTcgjGuLU/uBL/ubcZF9OXbDo8ff4O8yVp5Bf0efS8uEoYo5q4Fx7dY9OgQGXgAsQA=="
    },
    "cross-spawn@7.0.6": {
      "integrity": "sha512-uV2QOWP2nWzsy2aMp8aRibhi9dlzF5Hgh5SHaB9OiTGEyDTiJJyx0uy51QXdyWbtAHNua4XJzUKca3OzKUd3vA==",
      "dependencies": [
        "path-key",
        "shebang-command",
        "which"
      ]
    },
    "dettle@1.0.5": {
      "integrity": "sha512-ZVyjhAJ7sCe1PNXEGveObOH9AC8QvMga3HJIghHawtG7mE4K5pW9nz/vDGAr/U7a3LWgdOzEE7ac9MURnyfaTA=="
    },
    "eastasianwidth@0.2.0": {
      "integrity": "sha512-I88TYZWc9XiYHRQ4/3c5rjjfgkjhLyW2luGIheGERbNQ6OY7yTybanSpDXZa8y7VUP9YmDcYa+eyq4ca7iLqWA=="
    },
    "emoji-regex@8.0.0": {
      "integrity": "sha512-MSjYzcWNOA0ewAHpz0MxpYFvwg6yjy1NG3xteoqz644VCo/RPgnr1/GGt+ic3iJTzQ8Eu3TdM14SawnVUmGE6A=="
    },
    "emoji-regex@9.2.2": {
      "integrity": "sha512-L18DaJsXSUk2+42pv8mLs5jJT2hqFkFE4j21wOmgbUqsZ2hL72NsUU785g9RXgo3s0ZNgVl42TiHp3ZtOv/Vyg=="
    },
    "fast-ignore@1.1.3": {
      "integrity": "sha512-xTo4UbrOKfEQgOFlPaqFScodTV/Wf3KATEqCZZSMh6OP4bcez0lTsqww3n3/Fve1q9u0jmfDP0q0nOhH4POZEg==",
      "dependencies": [
        "grammex",
        "string-escape-regex"
      ]
    },
    "fast-string-truncated-width@1.2.1": {
      "integrity": "sha512-Q9acT/+Uu3GwGj+5w/zsGuQjh9O1TyywhIwAxHudtWrgF09nHOPrvTLhQevPbttcxjr/SNN7mJmfOw/B1bXgow=="
    },
    "fast-string-width@1.1.0": {
      "integrity": "sha512-O3fwIVIH5gKB38QNbdg+3760ZmGz0SZMgvwJbA1b2TGXceKE6A2cOlfogh1iw8lr049zPyd7YADHy+B7U4W9bQ==",
      "dependencies": [
        "fast-string-truncated-width"
      ]
    },
    "find-up-json@2.0.5": {
      "integrity": "sha512-1zZZUfD1GOOEEd1AqwbRmCkCCv1O9t0vOpCYgmzfJqKty8WKaKlDyxWej8Aew+vI5lvDiTviaQuaVuu6GzlHzQ==",
      "dependencies": [
        "find-up-path"
      ]
    },
    "find-up-path@1.0.1": {
      "integrity": "sha512-cl4Sfxufq9WK848L887b4r+NVZoBjMeB4QydPZ+pXbp6Jt2nUVspTo2svNOm48stIIeSxtuCsULa9+e+LMTzwA=="
    },
    "foreground-child@3.3.1": {
      "integrity": "sha512-gIXjKqtFuWEgzFRJA9WCQeSJLZDjgJUOMCMzxtvFq/37KojM1BFGufqsCy0r4qSQmYLsZYMeyRqzIWOMup03sw==",
      "dependencies": [
        "cross-spawn",
        "signal-exit"
      ]
    },
    "function-once@3.0.1": {
      "integrity": "sha512-bE3E8REk4jANDot3l0sLFkXgywBwzFKsmbwdnVHLJUnt/3kV6dNG0oJJqoRBuS1Z9Lr4ZoQgwV0ZNLDgWDbv7Q=="
    },
    "get-current-package@1.0.1": {
      "integrity": "sha512-c/Rw5ByDQ+zg+Lh/emBWv0bDpugEFdmXPR6/srIemVtIvol0XbT0JAr8Db0cX+Jj/xY9wj1wdjeq2qNB35Tayg==",
      "dependencies": [
        "find-up-json"
      ]
    },
    "glob@11.0.1": {
      "integrity": "sha512-zrQDm8XPnYEKawJScsnM0QzobJxlT/kHOOlRTio8IH/GrmxRE5fjllkzdaHclIuNjUQTJYH2xHNIGfdpJkDJUw==",
      "dependencies": [
        "foreground-child",
        "jackspeak",
        "minimatch",
        "minipass",
        "package-json-from-dist",
        "path-scurry"
      ]
    },
    "grammex@3.1.10": {
      "integrity": "sha512-UCfMsV/sfqk4TN1+m5ehSOXuADyLUgSuwMI2vCVlbN/REoSmTl4eagswC9DzzVxtsKv7Yp2CmIJNn4fMk8PaQA=="
    },
    "import-meta-resolve@4.1.0": {
      "integrity": "sha512-I6fiaX09Xivtk+THaMfAwnA3MVA5Big1WHF1Dfx9hFuvNIWpXnorlkzhcQf6ehrqQiiZECRt1poOAkPmer3ruw=="
    },
    "ini-simple-parser@1.0.1": {
      "integrity": "sha512-myU5nhF2miBQP3tO/giUi+8BI9QhfM/XRZd0RD7G0p+40K6KPAwxMDtH3UEtJ2XJZbd+ZiQOoGh432DTYfzNVQ=="
    },
    "ionstore@1.0.1": {
      "integrity": "sha512-g+99vyka3EiNFJCnbq3NxegjV211RzGtkDUMbZGB01Con8ZqUmMx/FpWMeqgDXOqgM7QoVeDhe+CfYCWznaDVA=="
    },
    "is-binary-path@2.1.0": {
      "integrity": "sha512-ZMERYes6pDydyuGidse7OsHxtbI7WVeUEozgR/g7rd0xUimYNlvZRE/K2MgZTjWy725IfelLeVcEM97mmtRGXw==",
      "dependencies": [
        "binary-extensions"
      ]
    },
    "is-fullwidth-code-point@3.0.0": {
      "integrity": "sha512-zymm5+u+sCsSWyD9qNaejV3DFvhCKclKdizYaJUuHA83RLjb7nSuGnddCHGv0hk+KY7BMAlsWeK4Ueg6EV6XQg=="
    },
    "isexe@2.0.0": {
      "integrity": "sha512-RHxMLp9lnKHGHRng9QFhRCMbYAcVpn69smSGcq3f36xjgVVWThj4qqLbTLlq7Ssj8B+fIQ1EuCEGI2lKsyQeIw=="
    },
    "jackspeak@4.1.0": {
      "integrity": "sha512-9DDdhb5j6cpeitCbvLO7n7J4IxnbM6hoF6O1g4HQ5TfhvvKN8ywDM7668ZhMHRqVmxqhps/F6syWK2KcPxYlkw==",
      "dependencies": [
        "@isaacs/cliui"
      ]
    },
    "js-yaml@4.1.0": {
      "integrity": "sha512-wpxZs9NoxZaJESJGIZTyDEaYpl0FKSA+FB9aJiyemKhMwkxQg63h4T1KJgUGHpTqPDNRcmmYLugrRjJlBtWvRA==",
      "dependencies": [
        "argparse"
      ]
    },
    "json-sorted-stringify@1.0.1": {
      "integrity": "sha512-pWv9hqWho37EpwpBgqDYVPKPCgT/ytuvqtlBvb6M44BrnvooTk/5D/aSeohsGDLp+g8waP5dUUGODR+Ley+Idg=="
    },
    "json5@2.2.3": {
      "integrity": "sha512-XmOWe7eyHYH14cLdVPoyg+GOH3rYX++KpzrylJwSW98t3Nk+U8XOl8FWKOgwtzdb8lXGf6zYwDUzeHMWfxasyg=="
    },
    "kasi@1.1.1": {
      "integrity": "sha512-pzBwGWFIjf84T/8aD0XzMli1T3Ckr/jVLh6v0Jskwiv5ehmcgDM+vpYFSk8WzGn4ed4HqgaifTgQUHzzZHa+Qw=="
    },
    "lomemo@1.0.1": {
      "integrity": "sha512-g8CnVp7UYypeQKpXpMzyrJoDzhOoqVQYSJApoq/cFI3vGxXoHQ+6lH5cApW9XwzVy5SL9/Owil7/JxbKckw0Lg=="
    },
    "lru-cache@11.1.0": {
      "integrity": "sha512-QIXZUBJUx+2zHUdQujWejBkcD9+cs94tLn0+YL8UrCh+D5sCXZ4c7LaEH48pNwRY3MLDgqUFyhlCyjJPf1WP0A=="
    },
    "minimatch@10.0.1": {
      "integrity": "sha512-ethXTt3SGGR+95gudmqJ1eNhRO7eGEGIgYA9vnPatK4/etz2MEVDno5GMCibdMTuBMyElzIlgxMna3K94XDIDQ==",
      "dependencies": [
        "brace-expansion"
      ]
    },
    "minipass@7.1.2": {
      "integrity": "sha512-qOOzS1cBTWYF4BH8fVePDBOO9iptMnGUEZwNc/cMWnTV2nVLZ7VoNWEPHkYczZA0pdoA7dl6e7FL659nX9S2aw=="
    },
    "package-json-from-dist@1.0.1": {
      "integrity": "sha512-UEZIS3/by4OC8vL3P2dTXRETpebLI2NiI5vIrjaD/5UtrkFX/tNbwjTSRAGC/+7CAo2pIcBaRgWmcBBHcsaCIw=="
    },
    "path-key@3.1.1": {
      "integrity": "sha512-ojmeN0qd+y0jszEtoY48r0Peq5dwMEkIlCOu6Q5f41lfkswXuKtYrhgoTpLnyIcHm24Uhqx+5Tqm2InSwLhE6Q=="
    },
    "path-scurry@2.0.0": {
      "integrity": "sha512-ypGJsmGtdXUOeM5u93TyeIEfEhM6s+ljAhrk5vAvSx8uyY/02OvrZnA0YNGUrPXfpJMgI1ODd3nwz8Npx4O4cg==",
      "dependencies": [
        "lru-cache",
        "minipass"
      ]
    },
    "pioppo@1.2.1": {
      "integrity": "sha512-1oErGVWD6wFDPmrJWEY1Cj2p829UGT6Fw9OItYFxLkWtBjCvQSMC8wA5IcAR5ms/6gqiY8pnJvIV/+/Imyobew==",
      "dependencies": [
        "dettle",
        "when-exit"
      ]
    },
    "prettier@4.0.0-alpha.10": {
      "integrity": "sha512-auyI68pnS9LmLRQCRuRBQaoqWU3Jnrifbhc+patuIGd1gzB/5h2CW1fa3Lub45R03ah+wzxbB2DNV1S1wzz9QQ==",
      "dependencies": [
        "@prettier/cli"
      ]
    },
    "promise-make-counter@1.0.2": {
      "integrity": "sha512-FJAxTBWQuQoAs4ZOYuKX1FHXxEgKLEzBxUvwr4RoOglkTpOjWuM+RXsK3M9q5lMa8kjqctUrhwYeZFT4ygsnag==",
      "dependencies": [
        "promise-make-naked@3.0.2"
      ]
    },
    "promise-make-naked@2.1.2": {
      "integrity": "sha512-y7s8ZuHIG56JYspB24be9GFkXA1zXL85Ur9u1DKrW/tvyUoPxWgBjnalK6Nc6l7wHBcAW0c3PO07+XOsWTRuhg=="
    },
    "promise-make-naked@3.0.2": {
      "integrity": "sha512-B+b+kQ1YrYS7zO7P7bQcoqqMUizP06BOyNSBEnB5VJKDSWo8fsVuDkfSmwdjF0JsRtaNh83so5MMFJ95soH5jg=="
    },
    "promise-resolve-timeout@2.0.1": {
      "integrity": "sha512-90Qzzu5SmR+ksmTPsc79121NZGtEiPvKACQLCl6yofknRx5xJI9kNj3oDVSX6dVTneF8Ju6+xpVFdDSzb7cNcg=="
    },
    "shebang-command@2.0.0": {
      "integrity": "sha512-kHxr2zZpYtdmrN1qDjrrX/Z1rR1kG8Dx+gkpK1G4eXmvXswmcE1hTWBWYUzlraYw1/yZp6YuDY77YtvbN0dmDA==",
      "dependencies": [
        "shebang-regex"
      ]
    },
    "shebang-regex@3.0.0": {
      "integrity": "sha512-7++dFhtcx3353uBaq8DDR4NuxBetBzC7ZQOhmTQInHEd6bSrXdiEyzCvG07Z44UYdLShWUyXt5M/yhz8ekcb1A=="
    },
    "signal-exit@4.1.0": {
      "integrity": "sha512-bzyZ1e88w9O1iNJbKnOlvYTrWPDl46O1bG0D3XInv+9tkPrxrN8jUUTiFlDkkmKWgn1M6CfIA13SuGqOa9Korw=="
    },
    "specialist@1.4.5": {
      "integrity": "sha512-4mPQEREzBUW2hzlXX/dWFbQdUWzpkqvMFVpUAdRlo1lUlhKMObDHiAo09oZ94x4cS3uWMJebPOTn+GaQYLfv3Q==",
      "dependencies": [
        "tiny-bin",
        "tiny-colors",
        "tiny-parse-argv",
        "tiny-updater"
      ]
    },
    "stdin-blocker@2.0.1": {
      "integrity": "sha512-NEcAEpag+gE/Iivx1prq1AFPwnmgmcyHNvGZLUqGBoOE/7DZtmhtP9iYqJt8ymueFL+kknhfEebAMWbrWp3FJw=="
    },
    "string-escape-regex@1.0.1": {
      "integrity": "sha512-cdSXOHSJ32K/T2dbj9t7rJwonujaOkaINpa1zsXT+PNFIv1zuPjtr0tXanCvUhN2bIu2IB0z/C7ksl+Qsy44nA=="
    },
    "string-width@4.2.3": {
      "integrity": "sha512-wKyQRQpjJ0sIp62ErSZdGsjMJWsap5oRNihHhu6G7JVO/9jIB6UyevL+tXuOqrng8j/cxKTWyWUwvSTriiZz/g==",
      "dependencies": [
        "emoji-regex@8.0.0",
        "is-fullwidth-code-point",
        "strip-ansi@6.0.1"
      ]
    },
    "string-width@5.1.2": {
      "integrity": "sha512-HnLOCR3vjcY8beoNLtcjZ5/nxn2afmME6lhrDrebokqMap+XbeW8n9TXpPDOqdGK5qcI3oT0GKTW6wC7EMiVqA==",
      "dependencies": [
        "eastasianwidth",
        "emoji-regex@9.2.2",
        "strip-ansi@7.1.0"
      ]
    },
    "strip-ansi@6.0.1": {
      "integrity": "sha512-Y38VPSHcqkFrCpFnQ9vuSXmquuv5oXOKpGeT6aGrr3o3Gc9AlVa6JBfUSOCnbxGGZF+/0ooI7KrPuUSztUdU5A==",
      "dependencies": [
        "ansi-regex@5.0.1"
      ]
    },
    "strip-ansi@7.1.0": {
      "integrity": "sha512-iq6eVVI64nQQTRYq2KtEg2d2uU7LElhTJwsH4YzIHZshxlgZms/wIc4VoDQTlG/IvVIrBKG06CrZnp0qv7hkcQ==",
      "dependencies": [
        "ansi-regex@6.1.0"
      ]
    },
    "stubborn-fs@1.2.5": {
      "integrity": "sha512-H2N9c26eXjzL/S/K+i/RHHcFanE74dptvvjM8iwzwbVcWY/zjBbgRqF3K0DY4+OD+uTTASTBvDoxPDaPN02D7g=="
    },
    "tiny-bin@1.11.1": {
      "integrity": "sha512-UFC5EwtmCkFshKOBgXZzNFJsHpZrtbWZ/jQj+pwoIGUUbmenlQGGVDOwVqVOuG1nTxICSd+GLp3b+j7dUKZr2Q==",
      "dependencies": [
        "ansi-purge",
        "fast-string-width",
        "get-current-package",
        "tiny-colors",
        "tiny-levenshtein",
        "tiny-parse-argv",
        "tiny-updater"
      ]
    },
    "tiny-colors@2.2.2": {
      "integrity": "sha512-Elmv7JL+dX0c78caKEelH1nHHBskHzJkaqBRgVvQuxsvVA/Z9Fa2R3ZZtfmkkajcd18e96RLMwJvtFqC8jsZWA=="
    },
    "tiny-cursor@2.0.1": {
      "integrity": "sha512-28ytGEfb7m/8Gdflv+wSo5qRM01fROo2CjJVYon6yYbzPsc3ap3Ps5CZXuS19pIROwswSvZMGbEQ7kWnokdUGA==",
      "dependencies": [
        "when-exit"
      ]
    },
    "tiny-editorconfig@1.0.0": {
      "integrity": "sha512-rxpWaSurnvPUkL2/qydRH10llK7MD1XfE38zoWTsp/ZWWYnnwPBzGUePBOcXFaNA3cJQm8ItqrofGeRJ6AVaew==",
      "dependencies": [
        "ini-simple-parser",
        "zeptomatch@1.2.2"
      ]
    },
    "tiny-jsonc@1.0.2": {
      "integrity": "sha512-f5QDAfLq6zIVSyCZQZhhyl0QS6MvAyTxgz4X4x3+EoCktNWEYJ6PeoEA97fyb98njpBNNi88ybpD7m+BDFXaCw=="
    },
    "tiny-levenshtein@1.0.1": {
      "integrity": "sha512-Q4rRa0pxGIbYoXQDejEDnonHt+QUTFrejaAxdv7h352/PWQBJ2eKsbzw1khvbIXKrpG1n2ZABX0A34oBGZXB2w=="
    },
    "tiny-parse-argv@2.8.2": {
      "integrity": "sha512-RnIDHQ+r9zMuslQWVoRxfKVOumteeheQqbwNYJyQxzM2vzx/vdN5xAeL64F3rQOpfbVdxFkhM4zPDyfq7SxsBQ=="
    },
    "tiny-readdir-glob@1.23.1": {
      "integrity": "sha512-UJB7alIB+lSmIfVGKLxNyErlo5mto1luldvXW+s+NSO5gyleU/Ut9P4QKghPEenCHqVZhW0j6OggDkmattVhKw==",
      "dependencies": [
        "tiny-readdir",
        "zeptomatch-explode",
        "zeptomatch-is-static",
        "zeptomatch-unescape",
        "zeptomatch@1.2.2"
      ]
    },
    "tiny-readdir@2.7.4": {
      "integrity": "sha512-721U+zsYwDirjr8IM6jqpesD/McpZooeFi3Zc6mcjy1pse2C+v19eHPFRqz4chGXZFw7C3KITDjAtHETc2wj7Q==",
      "dependencies": [
        "promise-make-counter"
      ]
    },
    "tiny-spinner@2.0.5": {
      "integrity": "sha512-OIGogtfEbA2IQdCBgF0zI3EjpFyiUEd6Uj5j0q5jhIPPq8pgNR83D0t9WIckbD2FzPann8lH/uLf1vX0YIu04w==",
      "dependencies": [
        "stdin-blocker",
        "tiny-colors",
        "tiny-cursor",
        "tiny-truncate"
      ]
    },
    "tiny-truncate@1.0.3": {
      "integrity": "sha512-ZdCMtUg6N5VgYAInid90lnA4R720w5iU7raqPspAoYxOSMyzp132b8DeKZGrO2yC3tvoJMUDaymY3XFN3Zr5sQ==",
      "dependencies": [
        "ansi-truncate"
      ]
    },
    "tiny-updater@3.5.3": {
      "integrity": "sha512-wEUssfOOkVLg2raSaRbyZDHpVCDj6fnp7UjynpNE4XGuF+Gkj8GRRMoHdfk73VzLQs/AHKsbY8fCxXNz8Hx4Qg==",
      "dependencies": [
        "ionstore",
        "tiny-colors",
        "when-exit"
      ]
    },
    "ts-md5@1.3.1": {
      "integrity": "sha512-DiwiXfwvcTeZ5wCE0z+2A9EseZsztaiZtGrtSaY5JOD7ekPnR/GoIVD5gXZAlK9Na9Kvpo9Waz5rW64WKAWApg=="
    },
    "webworker-shim@1.1.1": {
      "integrity": "sha512-XCWuBjJH3Xn/7SbyUF1WrrCbe6ZEsgaD7kxlFhxIwdkljGYX3BqP/dhG6ge0NBT+V7ZPjR4/BXq5BvbdaxrpKg=="
    },
    "when-exit@2.1.4": {
      "integrity": "sha512-4rnvd3A1t16PWzrBUcSDZqcAmsUIy4minDXT/CZ8F2mVDgd65i4Aalimgz1aQkRGU0iH5eT5+6Rx2TK8o443Pg=="
    },
    "which@2.0.2": {
      "integrity": "sha512-BLI3Tl1TW3Pvl70l3yq3Y64i+awpwXqsGBYWkkqMtnbXgrMD+yj7rhW0kuEDxzJaYXGjEW5ogapKNMEKNMjibA==",
      "dependencies": [
        "isexe"
      ]
    },
    "worktank@2.7.3": {
      "integrity": "sha512-M0fesnpttBPdvNYBdzRvLDsacN0na9RYWFxwmM/x1+/6mufjduv9/9vBObK8EXDqxRMX/SOYJabpo0UCYYBUdQ==",
      "dependencies": [
        "promise-make-naked@2.1.2",
        "webworker-shim"
      ]
    },
    "wrap-ansi@7.0.0": {
      "integrity": "sha512-YVGIj2kamLSTxw6NsZjoBxfSwsn0ycdesmc4p+Q21c5zPuZ1pl+NfxVdxPtdHvmNVOQ6XSYG4AUtyt/Fi7D16Q==",
      "dependencies": [
        "ansi-styles@4.3.0",
        "string-width@4.2.3",
        "strip-ansi@6.0.1"
      ]
    },
    "wrap-ansi@8.1.0": {
      "integrity": "sha512-si7QWI6zUMq56bESFvagtmzMdGOtoxfR+Sez11Mobfc7tm+VkUckk9bW2UeffTGVUbOksxmSw0AA2gs8g71NCQ==",
      "dependencies": [
        "ansi-styles@6.2.1",
        "string-width@5.1.2",
        "strip-ansi@7.1.0"
      ]
    },
    "zeptomatch-escape@1.0.0": {
      "integrity": "sha512-S77F6/wOoqSab7LpM6rARN3iGCqpL00VY1nB88OKKmomvZVI4gc0VriF+6z/xA1oMWDsy3rDwwA/50T2jpaM4g=="
    },
    "zeptomatch-explode@1.0.0": {
      "integrity": "sha512-2UDdxJqvrMixdwfYFA9cDGKetkVph8PPa1ooyUvmEoJJMs6w+0ijk1oA82Ff3wNs6yHeb849TjPvyrx9tgkZZg=="
    },
    "zeptomatch-is-static@1.0.0": {
      "integrity": "sha512-QMFCeFADOkC8B3c1IAZCV6p34swn2UsgoGb1fP0F0G77YKb4oYEK/VL+e9mc0BLtme48V+YqDHJdwaHGFwoSXQ=="
    },
    "zeptomatch-unescape@1.0.0": {
      "integrity": "sha512-YlbkzmjjWF092pbP2q9uf/ql34Np7HpfyBW7wibVCgRPyi8MF1EOAoSej1621r/lvzpmGF9BUJ6KIrNGiYE+jA=="
    },
    "zeptomatch@1.2.2": {
      "integrity": "sha512-0ETdzEO0hdYmT8aXHHf5aMjpX+FHFE61sG4qKFAoJD2Umt3TWdCmH7ADxn2oUiWTlqBGC+SGr8sYMfr+37J8pQ==",
      "dependencies": [
        "grammex"
      ]
    },
    "zeptomatch@2.0.0": {
      "integrity": "sha512-xjsIq0tpg7dNtJcbl0tNf4d4It4UK1ujSYJZXvGygse3GNgX44v/b2FRbM8sCGZS2qh4o983u8+1CBNNF+106g==",
      "dependencies": [
        "grammex"
      ]
    }
  }
}
